
Microsoft Visual Studio Solution File, Format Version 12.00
# Visual Studio 2013
VisualStudioVersion = 12.0.21005.1
MinimumVisualStudioVersion = 10.0.40219.1
Project("{FAE04EC0-301F-11D3-BF4B-00C04F79EFBC}") = "Acco.Calendar", "Acco.Calendar\Acco.Calendar.csproj", "{65997903-F6AD-4E4E-8C75-14703819882B}"
EndProject
Project("{FAE04EC0-301F-11D3-BF4B-00C04F79EFBC}") = "Dasi.CalendarSync.Tray", "Dasi.CalendarSync.Tray\Dasi.CalendarSync.Tray.csproj", "{E8561D8E-715B-487E-900C-29CEB6AFA2B8}"
EndProject
Project("{FAE04EC0-301F-11D3-BF4B-00C04F79EFBC}") = "Acco.Calendar.ConsoleTest", "Acco.Calendar.Console\Acco.Calendar.ConsoleTest.csproj", "{2200CBC7-4ED3-4614-B23A-6ABBCA44623E}"
EndProject
Global
	GlobalSection(SolutionConfigurationPlatforms) = preSolution
		Debug|Any CPU = Debug|Any CPU
		Release|Any CPU = Release|Any CPU
	EndGlobalSection
	GlobalSection(ProjectConfigurationPlatforms) = postSolution
		{65997903-F6AD-4E4E-8C75-14703819882B}.Debug|Any CPU.ActiveCfg = Debug|Any CPU
		{65997903-F6AD-4E4E-8C75-14703819882B}.Debug|Any CPU.Build.0 = Debug|Any CPU
		{65997903-F6AD-4E4E-8C75-14703819882B}.Release|Any CPU.ActiveCfg = Release|Any CPU
		{65997903-F6AD-4E4E-8C75-14703819882B}.Release|Any CPU.Build.0 = Release|Any CPU
		{E8561D8E-715B-487E-900C-29CEB6AFA2B8}.Debug|Any CPU.ActiveCfg = Debug|Any CPU
		{E8561D8E-715B-487E-900C-29CEB6AFA2B8}.Debug|Any CPU.Build.0 = Debug|Any CPU
		{E8561D8E-715B-487E-900C-29CEB6AFA2B8}.Release|Any CPU.ActiveCfg = Release|Any CPU
		{E8561D8E-715B-487E-900C-29CEB6AFA2B8}.Release|Any CPU.Build.0 = Release|Any CPU
		{2200CBC7-4ED3-4614-B23A-6ABBCA44623E}.Debug|Any CPU.ActiveCfg = Debug|Any CPU
		{2200CBC7-4ED3-4614-B23A-6ABBCA44623E}.Debug|Any CPU.Build.0 = Debug|Any CPU
		{2200CBC7-4ED3-4614-B23A-6ABBCA44623E}.Release|Any CPU.ActiveCfg = Release|Any CPU
		{2200CBC7-4ED3-4614-B23A-6ABBCA44623E}.Release|Any CPU.Build.0 = Release|Any CPU
	EndGlobalSection
	GlobalSection(SolutionProperties) = preSolution
		HideSolutionNode = FALSE
	EndGlobalSection
EndGlobal
